// !$*UTF8*$!
{
	archiveVersion = 1;
	classes = {
	};
	objectVersion = 50;
	objects = {

/* Begin PBXBuildFile section */
		13645A4922E1998700064FC7 /* AppDelegate.m in Sources */ = {isa = PBXBuildFile; fileRef = 13645A4822E1998700064FC7 /* AppDelegate.m */; };
		13645A4C22E1998700064FC7 /* FirstViewController.m in Sources */ = {isa = PBXBuildFile; fileRef = 13645A4B22E1998700064FC7 /* FirstViewController.m */; };
		13645A4F22E1998700064FC7 /* SecondViewController.m in Sources */ = {isa = PBXBuildFile; fileRef = 13645A4E22E1998700064FC7 /* SecondViewController.m */; };
		13645A5222E1998700064FC7 /* Main.storyboard in Resources */ = {isa = PBXBuildFile; fileRef = 13645A5022E1998700064FC7 /* Main.storyboard */; };
		13645A5422E1998800064FC7 /* Assets.xcassets in Resources */ = {isa = PBXBuildFile; fileRef = 13645A5322E1998800064FC7 /* Assets.xcassets */; };
		13645A5722E1998800064FC7 /* LaunchScreen.storyboard in Resources */ = {isa = PBXBuildFile; fileRef = 13645A5522E1998800064FC7 /* LaunchScreen.storyboard */; };
		13645A5A22E1998800064FC7 /* main.m in Sources */ = {isa = PBXBuildFile; fileRef = 13645A5922E1998800064FC7 /* main.m */; };
/* End PBXBuildFile section */

/* Begin PBXFileReference section */
		13645A4422E1998700064FC7 /* AppLovinSample.app */ = {isa = PBXFileReference; explicitFileType = wrapper.application; includeInIndex = 0; path = AppLovinSample.app; sourceTree = BUILT_PRODUCTS_DIR; };
		13645A4722E1998700064FC7 /* AppDelegate.h */ = {isa = PBXFileReference; lastKnownFileType = sourcecode.c.h; path = AppDelegate.h; sourceTree = "<group>"; };
		13645A4822E1998700064FC7 /* AppDelegate.m */ = {isa = PBXFileReference; lastKnownFileType = sourcecode.c.objc; path = AppDelegate.m; sourceTree = "<group>"; };
		13645A4A22E1998700064FC7 /* FirstViewController.h */ = {isa = PBXFileReference; lastKnownFileType = sourcecode.c.h; path = FirstViewController.h; sourceTree = "<group>"; };
		13645A4B22E1998700064FC7 /* FirstViewController.m */ = {isa = PBXFileReference; lastKnownFileType = sourcecode.c.objc; path = FirstViewController.m; sourceTree = "<group>"; };
		13645A4D22E1998700064FC7 /* SecondViewController.h */ = {isa = PBXFileReference; lastKnownFileType = sourcecode.c.h; path = SecondViewController.h; sourceTree = "<group>"; };
		13645A4E22E1998700064FC7 /* SecondViewController.m */ = {isa = PBXFileReference; lastKnownFileType = sourcecode.c.objc; path = SecondViewController.m; sourceTree = "<group>"; };
		13645A5122E1998700064FC7 /* Base */ = {isa = PBXFileReference; lastKnownFileType = file.storyboard; name = Base; path = Base.lproj/Main.storyboard; sourceTree = "<group>"; };
		13645A5322E1998800064FC7 /* Assets.xcassets */ = {isa = PBXFileReference; lastKnownFileType = folder.assetcatalog; path = Assets.xcassets; sourceTree = "<group>"; };
		13645A5622E1998800064FC7 /* Base */ = {isa = PBXFileReference; lastKnownFileType = file.storyboard; name = Base; path = Base.lproj/LaunchScreen.storyboard; sourceTree = "<group>"; };
		13645A5822E1998800064FC7 /* Info.plist */ = {isa = PBXFileReference; lastKnownFileType = text.plist.xml; path = Info.plist; sourceTree = "<group>"; };
		13645A5922E1998800064FC7 /* main.m */ = {isa = PBXFileReference; lastKnownFileType = sourcecode.c.objc; path = main.m; sourceTree = "<group>"; };
/* End PBXFileReference section */

/* Begin PBXFrameworksBuildPhase section */
		13645A4122E1998700064FC7 /* Frameworks */ = {
			isa = PBXFrameworksBuildPhase;
			buildActionMask = 2147483647;
			files = (
			);
			runOnlyForDeploymentPostprocessing = 0;
		};
/* End PBXFrameworksBuildPhase section */

/* Begin PBXGroup section */
		13645A3B22E1998700064FC7 = {
			isa = PBXGroup;
			children = (
				13645A4622E1998700064FC7 /* AppLovinSample */,
				13645A4522E1998700064FC7 /* Products */,
			);
			sourceTree = "<group>";
		};
		13645A4522E1998700064FC7 /* Products */ = {
			isa = PBXGroup;
			children = (
				13645A4422E1998700064FC7 /* AppLovinSample.app */,
			);
			name = Products;
			sourceTree = "<group>";
		};
		13645A4622E1998700064FC7 /* AppLovinSample */ = {
			isa = PBXGroup;
			children = (
				13645A4722E1998700064FC7 /* AppDelegate.h */,
				13645A4822E1998700064FC7 /* AppDelegate.m */,
				13645A4A22E1998700064FC7 /* FirstViewController.h */,
				13645A4B22E1998700064FC7 /* FirstViewController.m */,
				13645A4D22E1998700064FC7 /* SecondViewController.h */,
				13645A4E22E1998700064FC7 /* SecondViewController.m */,
				13645A5022E1998700064FC7 /* Main.storyboard */,
				13645A5322E1998800064FC7 /* Assets.xcassets */,
				13645A5522E1998800064FC7 /* LaunchScreen.storyboard */,
				13645A5822E1998800064FC7 /* Info.plist */,
				13645A5922E1998800064FC7 /* main.m */,
			);
			path = AppLovinSample;
			sourceTree = "<group>";
		};
/* End PBXGroup section */

/* Begin PBXNativeTarget section */
		13645A4322E1998700064FC7 /* AppLovinSample */ = {
			isa = PBXNativeTarget;
			buildConfigurationList = 13645A5D22E1998800064FC7 /* Build configuration list for PBXNativeTarget "AppLovinSample" */;
			buildPhases = (
				13645A4022E1998700064FC7 /* Sources */,
				13645A4122E1998700064FC7 /* Frameworks */,
				13645A4222E1998700064FC7 /* Resources */,
			);
			buildRules = (
			);
			dependencies = (
			);
			name = AppLovinSample;
			productName = AppLovinSample;
			productReference = 13645A4422E1998700064FC7 /* AppLovinSample.app */;
			productType = "com.apple.product-type.application";
		};
/* End PBXNativeTarget section */

/* Begin PBXProject section */
		13645A3C22E1998700064FC7 /* Project object */ = {
			isa = PBXProject;
			attributes = {
				LastUpgradeCheck = 1020;
				ORGANIZATIONNAME = "Jason Chiu";
				TargetAttributes = {
					13645A4322E1998700064FC7 = {
						CreatedOnToolsVersion = 10.2.1;
					};
				};
			};
			buildConfigurationList = 13645A3F22E1998700064FC7 /* Build configuration list for PBXProject "AppLovinSample" */;
			compatibilityVersion = "Xcode 9.3";
			developmentRegion = en;
			hasScannedForEncodings = 0;
			knownRegions = (
				en,
				Base,
			);
			mainGroup = 13645A3B22E1998700064FC7;
			productRefGroup = 13645A4522E1998700064FC7 /* Products */;
			projectDirPath = "";
			projectRoot = "";
			targets = (
				13645A4322E1998700064FC7 /* AppLovinSample */,
			);
		};
/* End PBXProject section */

/* Begin PBXResourcesBuildPhase section */
		13645A4222E1998700064FC7 /* Resources */ = {
			isa = PBXResourcesBuildPhase;
			buildActionMask = 2147483647;
			files = (
				13645A5722E1998800064FC7 /* LaunchScreen.storyboard in Resources */,
				13645A5422E1998800064FC7 /* Assets.xcassets in Resources */,
				13645A5222E1998700064FC7 /* Main.storyboard in Resources */,
			);
			runOnlyForDeploymentPostprocessing = 0;
		};
/* End PBXResourcesBuildPhase section */

/* Begin PBXSourcesBuildPhase section */
		13645A4022E1998700064FC7 /* Sources */ = {
			isa = PBXSourcesBuildPhase;
			buildActionMask = 2147483647;
			files = (
				13645A4F22E1998700064FC7 /* SecondViewController.m in Sources */,
				13645A4922E1998700064FC7 /* AppDelegate.m in Sources */,
				13645A5A22E1998800064FC7 /* main.m in Sources */,
				13645A4C22E1998700064FC7 /* FirstViewController.m in Sources */,
			);
			runOnlyForDeploymentPostprocessing = 0;
		};
/* End PBXSourcesBuildPhase section */

/* Begin PBXVariantGroup section */
		13645A5022E1998700064FC7 /* Main.storyboard */ = {
			isa = PBXVariantGroup;
			children = (
				13645A5122E1998700064FC7 /* Base */,
			);
			name = Main.storyboard;
			sourceTree = "<group>";
		};
		13645A5522E1998800064FC7 /* LaunchScreen.storyboard */ = {
			isa = PBXVariantGroup;
			children = (
				13645A5622E1998800064FC7 /* Base */,
			);
			name = LaunchScreen.storyboard;
			sourceTree = "<group>";
		};
/* End PBXVariantGroup section */

/* Begin XCBuildConfiguration section */
		13645A5B22E1998800064FC7 /* Debug */ = {
			isa = XCBuildConfiguration;
			buildSettings = {
				ALWAYS_SEARCH_USER_PATHS = NO;
				CLANG_ANALYZER_NONNULL = YES;
				CLANG_ANALYZER_NUMBER_OBJECT_CONVERSION = YES_AGGRESSIVE;
				CLANG_CXX_LANGUAGE_STANDARD = "gnu++14";
				CLANG_CXX_LIBRARY = "libc++";
				CLANG_ENABLE_MODULES = YES;
				CLANG_ENABLE_OBJC_ARC = YES;
				CLANG_ENABLE_OBJC_WEAK = YES;
				CLANG_WARN_BLOCK_CAPTURE_AUTORELEASING = YES;
				CLANG_WARN_BOOL_CONVERSION = YES;
				CLANG_WARN_COMMA = YES;
				CLANG_WARN_CONSTANT_CONVERSION = YES;
				CLANG_WARN_DEPRECATED_OBJC_IMPLEMENTATIONS = YES;
				CLANG_WARN_DIRECT_OBJC_ISA_USAGE = YES_ERROR;
				CLANG_WARN_DOCUMENTATION_COMMENTS = YES;
				CLANG_WARN_EMPTY_BODY = YES;
				CLANG_WARN_ENUM_CONVERSION = YES;
				CLANG_WARN_INFINITE_RECURSION = YES;
				CLANG_WARN_INT_CONVERSION = YES;
				CLANG_WARN_NON_LITERAL_NULL_CONVERSION = YES;
				CLANG_WARN_OBJC_IMPLICIT_RETAIN_SELF = YES;
				CLANG_WARN_OBJC_LITERAL_CONVERSION = YES;
				CLANG_WARN_OBJC_ROOT_CLASS = YES_ERROR;
				CLANG_WARN_RANGE_LOOP_ANALYSIS = YES;
				CLANG_WARN_STRICT_PROTOTYPES = YES;
				CLANG_WARN_SUSPICIOUS_MOVE = YES;
				CLANG_WARN_UNGUARDED_AVAILABILITY = YES_AGGRESSIVE;
				CLANG_WARN_UNREACHABLE_CODE = YES;
				CLANG_WARN__DUPLICATE_METHOD_MATCH = YES;
				CODE_SIGN_IDENTITY = "iPhone Developer";
				COPY_PHASE_STRIP = NO;
				DEBUG_INFORMATION_FORMAT = dwarf;
				ENABLE_STRICT_OBJC_MSGSEND = YES;
				ENABLE_TESTABILITY = YES;
				GCC_C_LANGUAGE_STANDARD = gnu11;
				GCC_DYNAMIC_NO_PIC = NO;
				GCC_NO_COMMON_BLOCKS = YES;
				GCC_OPTIMIZATION_LEVEL = 0;
				GCC_PREPROCESSOR_DEFINITIONS = (
					"DEBUG=1",
					"$(inherited)",
				);
				GCC_WARN_64_TO_32_BIT_CONVERSION = YES;
				GCC_WARN_ABOUT_RETURN_TYPE = YES_ERROR;
				GCC_WARN_UNDECLARED_SELECTOR = YES;
				GCC_WARN_UNINITIALIZED_AUTOS = YES_AGGRESSIVE;
				GCC_WARN_UNUSED_FUNCTION = YES;
				GCC_WARN_UNUSED_VARIABLE = YES;
				IPHONEOS_DEPLOYMENT_TARGET = 12.2;
				MTL_ENABLE_DEBUG_INFO = INCLUDE_SOURCE;
				MTL_FAST_MATH = YES;
				ONLY_ACTIVE_ARCH = YES;
				SDKROOT = iphoneos;
			};
			name = Debug;
		};
		13645A5C22E1998800064FC7 /* Release */ = {
			isa = XCBuildConfiguration;
			buildSettings = {
				ALWAYS_SEARCH_USER_PATHS = NO;
				CLANG_ANALYZER_NONNULL = YES;
				CLANG_ANALYZER_NUMBER_OBJECT_CONVERSION = YES_AGGRESSIVE;
				CLANG_CXX_LANGUAGE_STANDARD = "gnu++14";
				CLANG_CXX_LIBRARY = "libc++";
				CLANG_ENABLE_MODULES = YES;
				CLANG_ENABLE_OBJC_ARC = YES;
				CLANG_ENABLE_OBJC_WEAK = YES;
				CLANG_WARN_BLOCK_CAPTURE_AUTORELEASING = YES;
				CLANG_WARN_BOOL_CONVERSION = YES;
				CLANG_WARN_COMMA = YES;
				CLANG_WARN_CONSTANT_CONVERSION = YES;
				CLANG_WARN_DEPRECATED_OBJC_IMPLEMENTATIONS = YES;
				CLANG_WARN_DIRECT_OBJC_ISA_USAGE = YES_ERROR;
				CLANG_WARN_DOCUMENTATION_COMMENTS = YES;
				CLANG_WARN_EMPTY_BODY = YES;
				CLANG_WARN_ENUM_CONVERSION = YES;
				CLANG_WARN_INFINITE_RECURSION = YES;
				CLANG_WARN_INT_CONVERSION = YES;
				CLANG_WARN_NON_LITERAL_NULL_CONVERSION = YES;
				CLANG_WARN_OBJC_IMPLICIT_RETAIN_SELF = YES;
				CLANG_WARN_OBJC_LITERAL_CONVERSION = YES;
				CLANG_WARN_OBJC_ROOT_CLASS = YES_ERROR;
				CLANG_WARN_RANGE_LOOP_ANALYSIS = YES;
				CLANG_WARN_STRICT_PROTOTYPES = YES;
				CLANG_WARN_SUSPICIOUS_MOVE = YES;
				CLANG_WARN_UNGUARDED_AVAILABILITY = YES_AGGRESSIVE;
				CLANG_WARN_UNREACHABLE_CODE = YES;
				CLANG_WARN__DUPLICATE_METHOD_MATCH = YES;
				CODE_SIGN_IDENTITY = "iPhone Developer";
				COPY_PHASE_STRIP = NO;
				DEBUG_INFORMATION_FORMAT = "dwarf-with-dsym";
				ENABLE_NS_ASSERTIONS = NO;
				ENABLE_STRICT_OBJC_MSGSEND = YES;
				GCC_C_LANGUAGE_STANDARD = gnu11;
				GCC_NO_COMMON_BLOCKS = YES;
				GCC_WARN_64_TO_32_BIT_CONVERSION = YES;
				GCC_WARN_ABOUT_RETURN_TYPE = YES_ERROR;
				GCC_WARN_UNDECLARED_SELECTOR = YES;
				GCC_WARN_UNINITIALIZED_AUTOS = YES_AGGRESSIVE;
				GCC_WARN_UNUSED_FUNCTION = YES;
				GCC_WARN_UNUSED_VARIABLE = YES;
				IPHONEOS_DEPLOYMENT_TARGET = 12.2;
				MTL_ENABLE_DEBUG_INFO = NO;
				MTL_FAST_MATH = YES;
				SDKROOT = iphoneos;
				VALIDATE_PRODUCT = YES;
			};
			name = Release;
		};
		13645A5E22E1998800064FC7 /* Debug */ = {
			isa = XCBuildConfiguration;
			buildSettings = {
				ASSETCATALOG_COMPILER_APPICON_NAME = AppIcon;
				CODE_SIGN_STYLE = Automatic;
				DEVELOPMENT_TEAM = L36D2F8J6M;
				INFOPLIST_FILE = AppLovinSample/Info.plist;
				LD_RUNPATH_SEARCH_PATHS = (
					"$(inherited)",
					"@executable_path/Frameworks",
				);
				PRODUCT_BUNDLE_IDENTIFIER = com.foreza.trouble.AppLovinSample;
				PRODUCT_NAME = "$(TARGET_NAME)";
				TARGETED_DEVICE_FAMILY = "1,2";
			};
			name = Debug;
		};
		13645A5F22E1998800064FC7 /* Release */ = {
			isa = XCBuildConfiguration;
			buildSettings = {
				ASSETCATALOG_COMPILER_APPICON_NAME = AppIcon;
				CODE_SIGN_STYLE = Automatic;
				DEVELOPMENT_TEAM = L36D2F8J6M;
				INFOPLIST_FILE = AppLovinSample/Info.plist;
				LD_RUNPATH_SEARCH_PATHS = (
					"$(inherited)",
					"@executable_path/Frameworks",
				);
				PRODUCT_BUNDLE_IDENTIFIER = com.foreza.trouble.AppLovinSample;
				PRODUCT_NAME = "$(TARGET_NAME)";
				TARGETED_DEVICE_FAMILY = "1,2";
			};
			name = Release;
		};
/* End XCBuildConfiguration section */

/* Begin XCConfigurationList section */
		13645A3F22E1998700064FC7 /* Build configuration list for PBXProject "AppLovinSample" */ = {
			isa = XCConfigurationList;
			buildConfigurations = (
				13645A5B22E1998800064FC7 /* Debug */,
				13645A5C22E1998800064FC7 /* Release */,
			);
			defaultConfigurationIsVisible = 0;
			defaultConfigurationName = Release;
		};
		13645A5D22E1998800064FC7 /* Build configuration list for PBXNativeTarget "AppLovinSample" */ = {
			isa = XCConfigurationList;
			buildConfigurations = (
				13645A5E22E1998800064FC7 /* Debug */,
				13645A5F22E1998800064FC7 /* Release */,
			);
			defaultConfigurationIsVisible = 0;
			defaultConfigurationName = Release;
		};
/* End XCConfigurationList section */
	};
	rootObject = 13645A3C22E1998700064FC7 /* Project object */;
}
